
Microsoft Visual Studio Solution File, Format Version 12.00
# Visual Studio Version 16
VisualStudioVersion = 16.0.30225.117
MinimumVisualStudioVersion = 10.0.40219.1
Project("{FAE04EC0-301F-11D3-BF4B-00C04F79EFBC}") = "IntregationTestsWithTestContainerAndAwsLocalStack.Api", "IntregationTestsWithTestContainerAndAwsLocalStack.Api\IntregationTestsWithTestContainerAndAwsLocalStack.Api.csproj", "{B2AB0CE1-135B-44A1-8430-FC01EE7CFC0A}"
EndProject
Global
	GlobalSection(SolutionConfigurationPlatforms) = preSolution
		Debug|Any CPU = Debug|Any CPU
		Release|Any CPU = Release|Any CPU
	EndGlobalSection
	GlobalSection(ProjectConfigurationPlatforms) = postSolution
		{B2AB0CE1-135B-44A1-8430-FC01EE7CFC0A}.Debug|Any CPU.ActiveCfg = Debug|Any CPU
		{B2AB0CE1-135B-44A1-8430-FC01EE7CFC0A}.Debug|Any CPU.Build.0 = Debug|Any CPU
		{B2AB0CE1-135B-44A1-8430-FC01EE7CFC0A}.Release|Any CPU.ActiveCfg = Release|Any CPU
		{B2AB0CE1-135B-44A1-8430-FC01EE7CFC0A}.Release|Any CPU.Build.0 = Release|Any CPU
	EndGlobalSection
	GlobalSection(SolutionProperties) = preSolution
		HideSolutionNode = FALSE
	EndGlobalSection
	GlobalSection(ExtensibilityGlobals) = postSolution
		SolutionGuid = {1DE2F4FD-14DD-4BFE-B627-F7D8EE7FBD3D}
	EndGlobalSection
EndGlobal
